PODS:
  - AdColony (3.3.4)
  - AppLovinSDK (5.0.1)
  - ChartboostSDK (7.2.0)
  - FBAudienceNetwork (4.99.3)
  - Google-Mobile-Ads-SDK (7.34.0)
  - InMobiSDK (7.2.0)
  - IronSourceSDK (6.7.9.0)
  - KiipSDK (3.0.3)
  - MediaBrix (1.8.3.001)
  - mopub-ios-sdk (5.3.0):
    - mopub-ios-sdk/MoPubSDK (= 5.3.0)
  - mopub-ios-sdk/Avid (5.3.0):
    - mopub-ios-sdk/Core
  - mopub-ios-sdk/Core (5.3.0)
  - mopub-ios-sdk/Moat (5.3.0):
    - mopub-ios-sdk/Core
  - mopub-ios-sdk/MoPubSDK (5.3.0):
    - mopub-ios-sdk/Avid
    - mopub-ios-sdk/Core
    - mopub-ios-sdk/Moat
  - PlayableAds (2.0.7)
  - Tapdaq (6.3.2):
    - Tapdaq/SDK (= 6.3.2)
  - Tapdaq/AdColony (6.3.2):
    - AdColony (= 3.3.4)
    - Tapdaq/AdColonyAdapter
  - Tapdaq/AdColonyAdapter (6.3.2)
  - Tapdaq/AdMob (6.3.2):
    - Google-Mobile-Ads-SDK (= 7.34.0)
    - Tapdaq/AdMobAdapter
  - Tapdaq/AdMobAdapter (6.3.2)
  - Tapdaq/AppLovin (6.3.2):
    - AppLovinSDK (= 5.0.1)
    - Tapdaq/AppLovinAdapter
  - Tapdaq/AppLovinAdapter (6.3.2)
  - Tapdaq/Chartboost (6.3.2):
    - ChartboostSDK (= 7.2.0)
    - Tapdaq/ChartboostAdapter
  - Tapdaq/ChartboostAdapter (6.3.2)
  - Tapdaq/FAN (6.3.2):
    - FBAudienceNetwork (= 4.99.3)
    - Tapdaq/FANAdapter
  - Tapdaq/FANAdapter (6.3.2)
  - Tapdaq/InMobi (6.3.2):
    - InMobiSDK (= 7.2.0)
    - Tapdaq/InMobiAdapter
  - Tapdaq/InMobiAdapter (6.3.2)
  - Tapdaq/IronSource (6.3.2):
    - IronSourceSDK (= 6.7.9)
    - Tapdaq/IronSourceAdapter
  - Tapdaq/IronSourceAdapter (6.3.2)
  - Tapdaq/Kiip (6.3.2):
    - KiipSDK (= 3.0.3)
    - Tapdaq/KiipAdapter
  - Tapdaq/KiipAdapter (6.3.2)
  - Tapdaq/MoPub (6.3.2):
    - mopub-ios-sdk (= 5.3.0)
    - Tapdaq/MoPubAdapter
  - Tapdaq/MoPubAdapter (6.3.2)
  - Tapdaq/Receptiv (6.3.2):
    - MediaBrix (= 1.8.3.001)
    - Tapdaq/ReceptivAdapter
  - Tapdaq/ReceptivAdapter (6.3.2)
  - Tapdaq/SDK (6.3.2)
  - Tapdaq/Tapjoy (6.3.2):
    - Tapdaq/TapjoyAdapter
    - TapjoySDK (= 12.0.0)
  - Tapdaq/TapjoyAdapter (6.3.2)
  - Tapdaq/UnityAds (6.3.2):
    - Tapdaq/UnityAdsAdapter
    - UnityAds (= 2.3.0)
  - Tapdaq/UnityAdsAdapter (6.3.2)
  - Tapdaq/Vungle (6.3.2):
    - Tapdaq/VungleAdapter
    - VungleSDK-iOS (= 6.2.0)
  - Tapdaq/VungleAdapter (6.3.2)
  - Tapdaq/ZPlay (6.3.2):
    - PlayableAds (= 2.0.7)
    - Tapdaq/ZPlayAdapter
  - Tapdaq/ZPlayAdapter (6.3.2)
  - TapjoySDK (12.0.0)
  - UnityAds (2.3.0)
  - VungleSDK-iOS (6.2.0)

DEPENDENCIES:
  - Tapdaq (from `../Tapdaq.podspec`)
  - Tapdaq/AdColony (from `../Tapdaq.podspec`)
  - Tapdaq/AdMob (from `../Tapdaq.podspec`)
  - Tapdaq/AppLovin (from `../Tapdaq.podspec`)
  - Tapdaq/Chartboost (from `../Tapdaq.podspec`)
  - Tapdaq/FAN (from `../Tapdaq.podspec`)
  - Tapdaq/InMobi (from `../Tapdaq.podspec`)
  - Tapdaq/IronSource (from `../Tapdaq.podspec`)
  - Tapdaq/Kiip (from `../Tapdaq.podspec`)
  - Tapdaq/MoPub (from `../Tapdaq.podspec`)
  - Tapdaq/Receptiv (from `../Tapdaq.podspec`)
  - Tapdaq/Tapjoy (from `../Tapdaq.podspec`)
  - Tapdaq/UnityAds (from `../Tapdaq.podspec`)
  - Tapdaq/Vungle (from `../Tapdaq.podspec`)
  - Tapdaq/ZPlay (from `../Tapdaq.podspec`)

SPEC REPOS:
  https://github.com/cocoapods/specs.git:
    - AdColony
    - AppLovinSDK
    - ChartboostSDK
    - FBAudienceNetwork
    - Google-Mobile-Ads-SDK
    - InMobiSDK
    - IronSourceSDK
    - KiipSDK
    - mopub-ios-sdk
    - PlayableAds
    - TapjoySDK
    - UnityAds
    - VungleSDK-iOS
  https://github.com/mediabrix/mediabrix-cocoapods-spec.git:
    - MediaBrix

EXTERNAL SOURCES:
  Tapdaq:
    :podspec: "../Tapdaq.podspec"

SPEC CHECKSUMS:
  AdColony: b4e4f36c665f2bb108f0e228c280fd4900025c9f
  AppLovinSDK: 7876e331b1d29e82dcc1dd096fcf0a70bae3a431
  ChartboostSDK: 15386cd16c8a5d07bb75432d0fafafd6134eedb1
  FBAudienceNetwork: 4db9db11614ea1a165c05233183b7fdf741db55e
  Google-Mobile-Ads-SDK: a1cbce28c0c78ca1fb0b6c4f213485f55527c99f
  InMobiSDK: a19f867abc7bc5b9e5ee9635493c8406c3f44690
  IronSourceSDK: 27494d02aee94e21ba91cdda2a74bc9ce14fa11b
  KiipSDK: 41d9155e6de26c16acae855e6b5e96520fe246be
  MediaBrix: bf80998702b34c10bf05e62882b3d45f9320581d
  mopub-ios-sdk: 995d0cf8bbb5f9e81389ac981c2f1555dc77e84f
  PlayableAds: c0476d0f911842994ec5c45bff5c7c53c32282f8
  Tapdaq: 4cbe664db058de02f76f5f30741b3c51bf7d3a52
  TapjoySDK: 6d6484d6a8c66aea6f214a4116d63a4175119b8d
  UnityAds: 6c502763383f8c8983a12118cc213193a0af744f
  VungleSDK-iOS: a8665f4e826ad688135429f4618df4235f8738c7

PODFILE CHECKSUM: bd2c9e9818ae6e8fc152a22e5080f92d93efe668

COCOAPODS: 1.5.3
