PODS:
  - AdColony (3.3.6)
  - AppLovinSDK (5.1.2)
  - ChartboostSDK (7.3.0)
  - FBAudienceNetwork (5.0.2)
  - Google-Mobile-Ads-SDK (7.36.0)
  - InMobiSDK (7.2.0)
  - IronSourceSDK (6.7.12.0)
  - KiipSDK (3.0.3)
  - MediaBrix (1.8.3.001)
  - mopub-ios-sdk (5.3.0):
    - mopub-ios-sdk/MoPubSDK (= 5.3.0)
  - mopub-ios-sdk/Avid (5.3.0):
    - mopub-ios-sdk/Core
  - mopub-ios-sdk/Core (5.3.0)
  - mopub-ios-sdk/Moat (5.3.0):
    - mopub-ios-sdk/Core
  - mopub-ios-sdk/MoPubSDK (5.3.0):
    - mopub-ios-sdk/Avid
    - mopub-ios-sdk/Core
    - mopub-ios-sdk/Moat
  - PlayableAds (2.0.7)
  - Tapdaq (7.0.0):
    - Tapdaq/SDK (= 7.0.0)
  - Tapdaq/AdColony (7.0.0):
    - AdColony (= 3.3.6)
    - Tapdaq/AdColonyAdapter
  - Tapdaq/AdColonyAdapter (7.0.0):
    - Tapdaq/SDK
  - Tapdaq/AdMob (7.0.0):
    - Google-Mobile-Ads-SDK (= 7.36.0)
    - Tapdaq/AdMobAdapter
  - Tapdaq/AdMobAdapter (7.0.0):
    - Tapdaq/SDK
  - Tapdaq/AppLovin (7.0.0):
    - AppLovinSDK (= 5.1.2)
    - Tapdaq/AppLovinAdapter
  - Tapdaq/AppLovinAdapter (7.0.0):
    - Tapdaq/SDK
  - Tapdaq/Chartboost (7.0.0):
    - ChartboostSDK (= 7.3.0)
    - Tapdaq/ChartboostAdapter
  - Tapdaq/ChartboostAdapter (7.0.0):
    - Tapdaq/SDK
  - Tapdaq/FAN (7.0.0):
    - FBAudienceNetwork (= 5.0.2)
    - Tapdaq/FANAdapter
  - Tapdaq/FANAdapter (7.0.0):
    - Tapdaq/SDK
  - Tapdaq/HyprMx (7.0.0):
    - Tapdaq/HyprMxAdapter
    - TapdaqHyprMXSDK (= 7.0.0)
  - Tapdaq/HyprMxAdapter (7.0.0):
    - Tapdaq/SDK
  - Tapdaq/InMobi (7.0.0):
    - InMobiSDK (= 7.2.0)
    - Tapdaq/InMobiAdapter
  - Tapdaq/InMobiAdapter (7.0.0):
    - Tapdaq/SDK
  - Tapdaq/IronSource (7.0.0):
    - IronSourceSDK (= 6.7.12)
    - Tapdaq/IronSourceAdapter
  - Tapdaq/IronSourceAdapter (7.0.0):
    - Tapdaq/SDK
  - Tapdaq/Kiip (7.0.0):
    - KiipSDK (= 3.0.3)
    - Tapdaq/KiipAdapter
  - Tapdaq/KiipAdapter (7.0.0):
    - Tapdaq/SDK
  - Tapdaq/MoPub (7.0.0):
    - mopub-ios-sdk (= 5.3.0)
    - Tapdaq/MoPubAdapter
  - Tapdaq/MoPubAdapter (7.0.0):
    - Tapdaq/SDK
  - Tapdaq/Receptiv (7.0.0):
    - MediaBrix (= 1.8.3.001)
    - Tapdaq/ReceptivAdapter
  - Tapdaq/ReceptivAdapter (7.0.0):
    - Tapdaq/SDK
  - Tapdaq/SDK (7.0.0)
  - Tapdaq/Tapjoy (7.0.0):
    - Tapdaq/TapjoyAdapter
    - TapjoySDK (= 12.1.0)
  - Tapdaq/TapjoyAdapter (7.0.0):
    - Tapdaq/SDK
  - Tapdaq/UnityAds (7.0.0):
    - Tapdaq/UnityAdsAdapter
    - UnityAds (= 2.3.0)
  - Tapdaq/UnityAdsAdapter (7.0.0):
    - Tapdaq/SDK
  - Tapdaq/Vungle (7.0.0):
    - Tapdaq/VungleAdapter
    - VungleSDK-iOS (= 6.2.0)
  - Tapdaq/VungleAdapter (7.0.0):
    - Tapdaq/SDK
  - Tapdaq/YouAppi (7.0.0):
    - Tapdaq/YouAppiAdapter
    - YouAppiMoatSDK (= 4.3.2)
  - Tapdaq/YouAppiAdapter (7.0.0):
    - Tapdaq/SDK
  - Tapdaq/ZPlay (7.0.0):
    - PlayableAds (= 2.0.7)
    - Tapdaq/ZPlayAdapter
  - Tapdaq/ZPlayAdapter (7.0.0):
    - Tapdaq/SDK
  - TapdaqHyprMXSDK (7.0.0):
    - TapdaqHyprMXSDK/SDK (= 7.0.0)
  - TapdaqHyprMXSDK/SDK (7.0.0)
  - TapjoySDK (12.1.0)
  - UnityAds (2.3.0)
  - VungleSDK-iOS (6.2.0)
  - YouAppiMoatSDK (4.3.2)

DEPENDENCIES:
  - Tapdaq
  - Tapdaq/AdColony
  - Tapdaq/AdMob
  - Tapdaq/AppLovin
  - Tapdaq/Chartboost
  - Tapdaq/FAN
  - Tapdaq/HyprMx
  - Tapdaq/InMobi
  - Tapdaq/IronSource
  - Tapdaq/Kiip
  - Tapdaq/MoPub
  - Tapdaq/Receptiv
  - Tapdaq/Tapjoy
  - Tapdaq/UnityAds
  - Tapdaq/Vungle
  - Tapdaq/YouAppi
  - Tapdaq/ZPlay

SPEC REPOS:
  https://github.com/cocoapods/specs.git:
    - AdColony
    - AppLovinSDK
    - ChartboostSDK
    - FBAudienceNetwork
    - Google-Mobile-Ads-SDK
    - InMobiSDK
    - IronSourceSDK
    - KiipSDK
    - mopub-ios-sdk
    - PlayableAds
    - TapjoySDK
    - UnityAds
    - VungleSDK-iOS
    - YouAppiMoatSDK
  https://github.com/mediabrix/mediabrix-cocoapods-spec.git:
    - MediaBrix
  https://github.com/tapdaq/cocoapods-specs.git:
    - Tapdaq
    - TapdaqHyprMXSDK

SPEC CHECKSUMS:
  AdColony: 68473450de30de67154675c3512353a55c8f97cc
  AppLovinSDK: 5a6c0ab59aaed00da1bc95d54e2065266ab3b379
  ChartboostSDK: 63bbdcad37dd78012acaba1f904e82ddb0eb921d
  FBAudienceNetwork: 2fd6739135cc15b3260c4d25b6cc7d414afdb2e8
  Google-Mobile-Ads-SDK: 5bb4d2cea811842e104a24780caef63b4808e1bd
  InMobiSDK: a19f867abc7bc5b9e5ee9635493c8406c3f44690
  IronSourceSDK: 1c8cde15920ec0f1482d05b9acdd4a3f387b2ce3
  KiipSDK: 41d9155e6de26c16acae855e6b5e96520fe246be
  MediaBrix: bf80998702b34c10bf05e62882b3d45f9320581d
  mopub-ios-sdk: 995d0cf8bbb5f9e81389ac981c2f1555dc77e84f
  PlayableAds: c0476d0f911842994ec5c45bff5c7c53c32282f8
  Tapdaq: bcb8d3cfa789eb828fee3a52866f03d550b93cfd
  TapdaqHyprMXSDK: 6b6e4b86ff1bdf38e6c7470ea29e8f9d6fa19600
  TapjoySDK: 0ce8155f1687413d58d8eb372574634f1cdc7471
  UnityAds: 6c502763383f8c8983a12118cc213193a0af744f
  VungleSDK-iOS: a8665f4e826ad688135429f4618df4235f8738c7
  YouAppiMoatSDK: f69d8016feda5cb3baadad2410b7f3a96b8e71df

PODFILE CHECKSUM: 605ae0e17c0c4f96884603d22a91cfc9b9ef9f32

COCOAPODS: 1.5.3
