// !$*UTF8*$!
{
	archiveVersion = 1;
	classes = {
	};
	objectVersion = 50;
	objects = {

/* Begin PBXBuildFile section */
		0A82F37F21F9DD7700EC114C /* AppDelegate.m in Sources */ = {isa = PBXBuildFile; fileRef = 0A82F37E21F9DD7700EC114C /* AppDelegate.m */; };
		0A82F38221F9DD7700EC114C /* ViewController.m in Sources */ = {isa = PBXBuildFile; fileRef = 0A82F38121F9DD7700EC114C /* ViewController.m */; };
		0A82F38521F9DD7700EC114C /* Main.storyboard in Resources */ = {isa = PBXBuildFile; fileRef = 0A82F38321F9DD7700EC114C /* Main.storyboard */; };
		0A82F38721F9DD7800EC114C /* Assets.xcassets in Resources */ = {isa = PBXBuildFile; fileRef = 0A82F38621F9DD7800EC114C /* Assets.xcassets */; };
		0A82F38A21F9DD7800EC114C /* LaunchScreen.storyboard in Resources */ = {isa = PBXBuildFile; fileRef = 0A82F38821F9DD7800EC114C /* LaunchScreen.storyboard */; };
		0A82F38D21F9DD7800EC114C /* main.m in Sources */ = {isa = PBXBuildFile; fileRef = 0A82F38C21F9DD7800EC114C /* main.m */; };
		0A82F39821F9DE4600EC114C /* AppDelegate.swift in Sources */ = {isa = PBXBuildFile; fileRef = 0A82F39721F9DE4600EC114C /* AppDelegate.swift */; };
		0A82F39A21F9DE4600EC114C /* ViewController.swift in Sources */ = {isa = PBXBuildFile; fileRef = 0A82F39921F9DE4600EC114C /* ViewController.swift */; };
		0A82F39D21F9DE4600EC114C /* Main.storyboard in Resources */ = {isa = PBXBuildFile; fileRef = 0A82F39B21F9DE4600EC114C /* Main.storyboard */; };
		0A82F39F21F9DE4700EC114C /* Assets.xcassets in Resources */ = {isa = PBXBuildFile; fileRef = 0A82F39E21F9DE4700EC114C /* Assets.xcassets */; };
		0A82F3A221F9DE4700EC114C /* LaunchScreen.storyboard in Resources */ = {isa = PBXBuildFile; fileRef = 0A82F3A021F9DE4700EC114C /* LaunchScreen.storyboard */; };
		0A82F3AF21F9DEA800EC114C /* AppDelegate.m in Sources */ = {isa = PBXBuildFile; fileRef = 0A82F3AE21F9DEA800EC114C /* AppDelegate.m */; };
		0A82F3B221F9DEA800EC114C /* ViewController.m in Sources */ = {isa = PBXBuildFile; fileRef = 0A82F3B121F9DEA800EC114C /* ViewController.m */; };
		0A82F3B521F9DEA800EC114C /* Main.storyboard in Resources */ = {isa = PBXBuildFile; fileRef = 0A82F3B321F9DEA800EC114C /* Main.storyboard */; };
		0A82F3B721F9DEAA00EC114C /* Assets.xcassets in Resources */ = {isa = PBXBuildFile; fileRef = 0A82F3B621F9DEAA00EC114C /* Assets.xcassets */; };
		0A82F3BA21F9DEAA00EC114C /* LaunchScreen.storyboard in Resources */ = {isa = PBXBuildFile; fileRef = 0A82F3B821F9DEAA00EC114C /* LaunchScreen.storyboard */; };
		0A82F3BD21F9DEAA00EC114C /* main.m in Sources */ = {isa = PBXBuildFile; fileRef = 0A82F3BC21F9DEAA00EC114C /* main.m */; };
		0A82F3C821F9DEB800EC114C /* AppDelegate.swift in Sources */ = {isa = PBXBuildFile; fileRef = 0A82F3C721F9DEB800EC114C /* AppDelegate.swift */; };
		0A82F3CA21F9DEB800EC114C /* ViewController.swift in Sources */ = {isa = PBXBuildFile; fileRef = 0A82F3C921F9DEB800EC114C /* ViewController.swift */; };
		0A82F3CD21F9DEB800EC114C /* Main.storyboard in Resources */ = {isa = PBXBuildFile; fileRef = 0A82F3CB21F9DEB800EC114C /* Main.storyboard */; };
		0A82F3CF21F9DEB800EC114C /* Assets.xcassets in Resources */ = {isa = PBXBuildFile; fileRef = 0A82F3CE21F9DEB800EC114C /* Assets.xcassets */; };
		0A82F3D221F9DEB800EC114C /* LaunchScreen.storyboard in Resources */ = {isa = PBXBuildFile; fileRef = 0A82F3D021F9DEB800EC114C /* LaunchScreen.storyboard */; };
		26F893B38C5DB1BE5E719169 /* Pods_NativeAds.framework in Frameworks */ = {isa = PBXBuildFile; fileRef = 519E25C58ED0672C6E0B24E1 /* Pods_NativeAds.framework */; };
		4D3301589D5DBCEC32945648 /* Pods_MoreAppsSwift.framework in Frameworks */ = {isa = PBXBuildFile; fileRef = AE786C2BEA056C8D0C692DB9 /* Pods_MoreAppsSwift.framework */; };
		936DD98C65A980F3A172A9E3 /* Pods_NativeAdsSwift.framework in Frameworks */ = {isa = PBXBuildFile; fileRef = EFA11DCCCA1A1CF02FE08A96 /* Pods_NativeAdsSwift.framework */; };
		EB6A7382B27632A4242E5449 /* Pods_MoreApps.framework in Frameworks */ = {isa = PBXBuildFile; fileRef = 7D1DE9D16DECF869BCD5D13C /* Pods_MoreApps.framework */; };
/* End PBXBuildFile section */

/* Begin PBXFileReference section */
		0A82F37B21F9DD7600EC114C /* MoreApps.app */ = {isa = PBXFileReference; explicitFileType = wrapper.application; includeInIndex = 0; path = MoreApps.app; sourceTree = BUILT_PRODUCTS_DIR; };
		0A82F37D21F9DD7700EC114C /* AppDelegate.h */ = {isa = PBXFileReference; lastKnownFileType = sourcecode.c.h; path = AppDelegate.h; sourceTree = "<group>"; };
		0A82F37E21F9DD7700EC114C /* AppDelegate.m */ = {isa = PBXFileReference; lastKnownFileType = sourcecode.c.objc; path = AppDelegate.m; sourceTree = "<group>"; };
		0A82F38021F9DD7700EC114C /* ViewController.h */ = {isa = PBXFileReference; lastKnownFileType = sourcecode.c.h; path = ViewController.h; sourceTree = "<group>"; };
		0A82F38121F9DD7700EC114C /* ViewController.m */ = {isa = PBXFileReference; lastKnownFileType = sourcecode.c.objc; path = ViewController.m; sourceTree = "<group>"; };
		0A82F38421F9DD7700EC114C /* Base */ = {isa = PBXFileReference; lastKnownFileType = file.storyboard; name = Base; path = Base.lproj/Main.storyboard; sourceTree = "<group>"; };
		0A82F38621F9DD7800EC114C /* Assets.xcassets */ = {isa = PBXFileReference; lastKnownFileType = folder.assetcatalog; path = Assets.xcassets; sourceTree = "<group>"; };
		0A82F38921F9DD7800EC114C /* Base */ = {isa = PBXFileReference; lastKnownFileType = file.storyboard; name = Base; path = Base.lproj/LaunchScreen.storyboard; sourceTree = "<group>"; };
		0A82F38B21F9DD7800EC114C /* Info.plist */ = {isa = PBXFileReference; lastKnownFileType = text.plist.xml; path = Info.plist; sourceTree = "<group>"; };
		0A82F38C21F9DD7800EC114C /* main.m */ = {isa = PBXFileReference; lastKnownFileType = sourcecode.c.objc; path = main.m; sourceTree = "<group>"; };
		0A82F39521F9DE4600EC114C /* MoreAppsSwift.app */ = {isa = PBXFileReference; explicitFileType = wrapper.application; includeInIndex = 0; path = MoreAppsSwift.app; sourceTree = BUILT_PRODUCTS_DIR; };
		0A82F39721F9DE4600EC114C /* AppDelegate.swift */ = {isa = PBXFileReference; lastKnownFileType = sourcecode.swift; path = AppDelegate.swift; sourceTree = "<group>"; };
		0A82F39921F9DE4600EC114C /* ViewController.swift */ = {isa = PBXFileReference; lastKnownFileType = sourcecode.swift; path = ViewController.swift; sourceTree = "<group>"; };
		0A82F39C21F9DE4600EC114C /* Base */ = {isa = PBXFileReference; lastKnownFileType = file.storyboard; name = Base; path = Base.lproj/Main.storyboard; sourceTree = "<group>"; };
		0A82F39E21F9DE4700EC114C /* Assets.xcassets */ = {isa = PBXFileReference; lastKnownFileType = folder.assetcatalog; path = Assets.xcassets; sourceTree = "<group>"; };
		0A82F3A121F9DE4700EC114C /* Base */ = {isa = PBXFileReference; lastKnownFileType = file.storyboard; name = Base; path = Base.lproj/LaunchScreen.storyboard; sourceTree = "<group>"; };
		0A82F3A321F9DE4700EC114C /* Info.plist */ = {isa = PBXFileReference; lastKnownFileType = text.plist.xml; path = Info.plist; sourceTree = "<group>"; };
		0A82F3AB21F9DEA800EC114C /* NativeAds.app */ = {isa = PBXFileReference; explicitFileType = wrapper.application; includeInIndex = 0; path = NativeAds.app; sourceTree = BUILT_PRODUCTS_DIR; };
		0A82F3AD21F9DEA800EC114C /* AppDelegate.h */ = {isa = PBXFileReference; lastKnownFileType = sourcecode.c.h; path = AppDelegate.h; sourceTree = "<group>"; };
		0A82F3AE21F9DEA800EC114C /* AppDelegate.m */ = {isa = PBXFileReference; lastKnownFileType = sourcecode.c.objc; path = AppDelegate.m; sourceTree = "<group>"; };
		0A82F3B021F9DEA800EC114C /* ViewController.h */ = {isa = PBXFileReference; lastKnownFileType = sourcecode.c.h; path = ViewController.h; sourceTree = "<group>"; };
		0A82F3B121F9DEA800EC114C /* ViewController.m */ = {isa = PBXFileReference; lastKnownFileType = sourcecode.c.objc; path = ViewController.m; sourceTree = "<group>"; };
		0A82F3B421F9DEA800EC114C /* Base */ = {isa = PBXFileReference; lastKnownFileType = file.storyboard; name = Base; path = Base.lproj/Main.storyboard; sourceTree = "<group>"; };
		0A82F3B621F9DEAA00EC114C /* Assets.xcassets */ = {isa = PBXFileReference; lastKnownFileType = folder.assetcatalog; path = Assets.xcassets; sourceTree = "<group>"; };
		0A82F3B921F9DEAA00EC114C /* Base */ = {isa = PBXFileReference; lastKnownFileType = file.storyboard; name = Base; path = Base.lproj/LaunchScreen.storyboard; sourceTree = "<group>"; };
		0A82F3BB21F9DEAA00EC114C /* Info.plist */ = {isa = PBXFileReference; lastKnownFileType = text.plist.xml; path = Info.plist; sourceTree = "<group>"; };
		0A82F3BC21F9DEAA00EC114C /* main.m */ = {isa = PBXFileReference; lastKnownFileType = sourcecode.c.objc; path = main.m; sourceTree = "<group>"; };
		0A82F3C521F9DEB700EC114C /* NativeAdsSwift.app */ = {isa = PBXFileReference; explicitFileType = wrapper.application; includeInIndex = 0; path = NativeAdsSwift.app; sourceTree = BUILT_PRODUCTS_DIR; };
		0A82F3C721F9DEB800EC114C /* AppDelegate.swift */ = {isa = PBXFileReference; lastKnownFileType = sourcecode.swift; path = AppDelegate.swift; sourceTree = "<group>"; };
		0A82F3C921F9DEB800EC114C /* ViewController.swift */ = {isa = PBXFileReference; lastKnownFileType = sourcecode.swift; path = ViewController.swift; sourceTree = "<group>"; };
		0A82F3CC21F9DEB800EC114C /* Base */ = {isa = PBXFileReference; lastKnownFileType = file.storyboard; name = Base; path = Base.lproj/Main.storyboard; sourceTree = "<group>"; };
		0A82F3CE21F9DEB800EC114C /* Assets.xcassets */ = {isa = PBXFileReference; lastKnownFileType = folder.assetcatalog; path = Assets.xcassets; sourceTree = "<group>"; };
		0A82F3D121F9DEB800EC114C /* Base */ = {isa = PBXFileReference; lastKnownFileType = file.storyboard; name = Base; path = Base.lproj/LaunchScreen.storyboard; sourceTree = "<group>"; };
		0A82F3D321F9DEB800EC114C /* Info.plist */ = {isa = PBXFileReference; lastKnownFileType = text.plist.xml; path = Info.plist; sourceTree = "<group>"; };
		0A82F3D921F9E01100EC114C /* Constants.h */ = {isa = PBXFileReference; fileEncoding = 4; lastKnownFileType = sourcecode.c.h; path = Constants.h; sourceTree = "<group>"; };
		0A82F3DA21F9E01100EC114C /* Bridging-Header.h */ = {isa = PBXFileReference; fileEncoding = 4; lastKnownFileType = sourcecode.c.h; path = "Bridging-Header.h"; sourceTree = "<group>"; };
		1462A75F6E1D152C0EEE6E47 /* Pods-MoreApps.debug.xcconfig */ = {isa = PBXFileReference; includeInIndex = 1; lastKnownFileType = text.xcconfig; name = "Pods-MoreApps.debug.xcconfig"; path = "Pods/Target Support Files/Pods-MoreApps/Pods-MoreApps.debug.xcconfig"; sourceTree = "<group>"; };
		2623B388A4B9F6A959D7D31B /* Pods-NativeAds.debug.xcconfig */ = {isa = PBXFileReference; includeInIndex = 1; lastKnownFileType = text.xcconfig; name = "Pods-NativeAds.debug.xcconfig"; path = "Pods/Target Support Files/Pods-NativeAds/Pods-NativeAds.debug.xcconfig"; sourceTree = "<group>"; };
		519E25C58ED0672C6E0B24E1 /* Pods_NativeAds.framework */ = {isa = PBXFileReference; explicitFileType = wrapper.framework; includeInIndex = 0; path = Pods_NativeAds.framework; sourceTree = BUILT_PRODUCTS_DIR; };
		682E13A29BD9C263426357C2 /* Pods-NativeAdsSwift.debug.xcconfig */ = {isa = PBXFileReference; includeInIndex = 1; lastKnownFileType = text.xcconfig; name = "Pods-NativeAdsSwift.debug.xcconfig"; path = "Pods/Target Support Files/Pods-NativeAdsSwift/Pods-NativeAdsSwift.debug.xcconfig"; sourceTree = "<group>"; };
		6F33CADB461604669F4B5A9B /* Pods-MoreAppsSwift.release.xcconfig */ = {isa = PBXFileReference; includeInIndex = 1; lastKnownFileType = text.xcconfig; name = "Pods-MoreAppsSwift.release.xcconfig"; path = "Pods/Target Support Files/Pods-MoreAppsSwift/Pods-MoreAppsSwift.release.xcconfig"; sourceTree = "<group>"; };
		784F004B742408A377974883 /* Pods-MoreApps.release.xcconfig */ = {isa = PBXFileReference; includeInIndex = 1; lastKnownFileType = text.xcconfig; name = "Pods-MoreApps.release.xcconfig"; path = "Pods/Target Support Files/Pods-MoreApps/Pods-MoreApps.release.xcconfig"; sourceTree = "<group>"; };
		7D1DE9D16DECF869BCD5D13C /* Pods_MoreApps.framework */ = {isa = PBXFileReference; explicitFileType = wrapper.framework; includeInIndex = 0; path = Pods_MoreApps.framework; sourceTree = BUILT_PRODUCTS_DIR; };
		9ADED861A4F1236A00219828 /* Pods-NativeAds.release.xcconfig */ = {isa = PBXFileReference; includeInIndex = 1; lastKnownFileType = text.xcconfig; name = "Pods-NativeAds.release.xcconfig"; path = "Pods/Target Support Files/Pods-NativeAds/Pods-NativeAds.release.xcconfig"; sourceTree = "<group>"; };
		AE786C2BEA056C8D0C692DB9 /* Pods_MoreAppsSwift.framework */ = {isa = PBXFileReference; explicitFileType = wrapper.framework; includeInIndex = 0; path = Pods_MoreAppsSwift.framework; sourceTree = BUILT_PRODUCTS_DIR; };
		E34C140F836D0F4FC6BB8723 /* Pods-NativeAdsSwift.release.xcconfig */ = {isa = PBXFileReference; includeInIndex = 1; lastKnownFileType = text.xcconfig; name = "Pods-NativeAdsSwift.release.xcconfig"; path = "Pods/Target Support Files/Pods-NativeAdsSwift/Pods-NativeAdsSwift.release.xcconfig"; sourceTree = "<group>"; };
		E707CE3818773D310F0642AE /* Pods-MoreAppsSwift.debug.xcconfig */ = {isa = PBXFileReference; includeInIndex = 1; lastKnownFileType = text.xcconfig; name = "Pods-MoreAppsSwift.debug.xcconfig"; path = "Pods/Target Support Files/Pods-MoreAppsSwift/Pods-MoreAppsSwift.debug.xcconfig"; sourceTree = "<group>"; };
		EFA11DCCCA1A1CF02FE08A96 /* Pods_NativeAdsSwift.framework */ = {isa = PBXFileReference; explicitFileType = wrapper.framework; includeInIndex = 0; path = Pods_NativeAdsSwift.framework; sourceTree = BUILT_PRODUCTS_DIR; };
/* End PBXFileReference section */

/* Begin PBXFrameworksBuildPhase section */
		0A82F37821F9DD7600EC114C /* Frameworks */ = {
			isa = PBXFrameworksBuildPhase;
			buildActionMask = 2147483647;
			files = (
				EB6A7382B27632A4242E5449 /* Pods_MoreApps.framework in Frameworks */,
			);
			runOnlyForDeploymentPostprocessing = 0;
		};
		0A82F39221F9DE4600EC114C /* Frameworks */ = {
			isa = PBXFrameworksBuildPhase;
			buildActionMask = 2147483647;
			files = (
				4D3301589D5DBCEC32945648 /* Pods_MoreAppsSwift.framework in Frameworks */,
			);
			runOnlyForDeploymentPostprocessing = 0;
		};
		0A82F3A821F9DEA800EC114C /* Frameworks */ = {
			isa = PBXFrameworksBuildPhase;
			buildActionMask = 2147483647;
			files = (
				26F893B38C5DB1BE5E719169 /* Pods_NativeAds.framework in Frameworks */,
			);
			runOnlyForDeploymentPostprocessing = 0;
		};
		0A82F3C221F9DEB700EC114C /* Frameworks */ = {
			isa = PBXFrameworksBuildPhase;
			buildActionMask = 2147483647;
			files = (
				936DD98C65A980F3A172A9E3 /* Pods_NativeAdsSwift.framework in Frameworks */,
			);
			runOnlyForDeploymentPostprocessing = 0;
		};
/* End PBXFrameworksBuildPhase section */

/* Begin PBXGroup section */
		0A82F35521F9DD1F00EC114C = {
			isa = PBXGroup;
			children = (
				0A82F3D821F9E01100EC114C /* Common */,
				0A82F37C21F9DD7700EC114C /* MoreApps */,
				0A82F39621F9DE4600EC114C /* MoreAppsSwift */,
				0A82F3AC21F9DEA800EC114C /* NativeAds */,
				0A82F3C621F9DEB700EC114C /* NativeAdsSwift */,
				0A82F35F21F9DD1F00EC114C /* Products */,
				2185862579CEFF0DA4399AAE /* Pods */,
				40414ED67FC1C1D38D02CA04 /* Frameworks */,
			);
			sourceTree = "<group>";
		};
		0A82F35F21F9DD1F00EC114C /* Products */ = {
			isa = PBXGroup;
			children = (
				0A82F37B21F9DD7600EC114C /* MoreApps.app */,
				0A82F39521F9DE4600EC114C /* MoreAppsSwift.app */,
				0A82F3AB21F9DEA800EC114C /* NativeAds.app */,
				0A82F3C521F9DEB700EC114C /* NativeAdsSwift.app */,
			);
			name = Products;
			sourceTree = "<group>";
		};
		0A82F37C21F9DD7700EC114C /* MoreApps */ = {
			isa = PBXGroup;
			children = (
				0A82F37D21F9DD7700EC114C /* AppDelegate.h */,
				0A82F37E21F9DD7700EC114C /* AppDelegate.m */,
				0A82F38021F9DD7700EC114C /* ViewController.h */,
				0A82F38121F9DD7700EC114C /* ViewController.m */,
				0A82F38321F9DD7700EC114C /* Main.storyboard */,
				0A82F38621F9DD7800EC114C /* Assets.xcassets */,
				0A82F38821F9DD7800EC114C /* LaunchScreen.storyboard */,
				0A82F38B21F9DD7800EC114C /* Info.plist */,
				0A82F38C21F9DD7800EC114C /* main.m */,
			);
			path = MoreApps;
			sourceTree = "<group>";
		};
		0A82F39621F9DE4600EC114C /* MoreAppsSwift */ = {
			isa = PBXGroup;
			children = (
				0A82F39721F9DE4600EC114C /* AppDelegate.swift */,
				0A82F39921F9DE4600EC114C /* ViewController.swift */,
				0A82F39B21F9DE4600EC114C /* Main.storyboard */,
				0A82F39E21F9DE4700EC114C /* Assets.xcassets */,
				0A82F3A021F9DE4700EC114C /* LaunchScreen.storyboard */,
				0A82F3A321F9DE4700EC114C /* Info.plist */,
			);
			path = MoreAppsSwift;
			sourceTree = "<group>";
		};
		0A82F3AC21F9DEA800EC114C /* NativeAds */ = {
			isa = PBXGroup;
			children = (
				0A82F3AD21F9DEA800EC114C /* AppDelegate.h */,
				0A82F3AE21F9DEA800EC114C /* AppDelegate.m */,
				0A82F3B021F9DEA800EC114C /* ViewController.h */,
				0A82F3B121F9DEA800EC114C /* ViewController.m */,
				0A82F3B321F9DEA800EC114C /* Main.storyboard */,
				0A82F3B621F9DEAA00EC114C /* Assets.xcassets */,
				0A82F3B821F9DEAA00EC114C /* LaunchScreen.storyboard */,
				0A82F3BB21F9DEAA00EC114C /* Info.plist */,
				0A82F3BC21F9DEAA00EC114C /* main.m */,
			);
			path = NativeAds;
			sourceTree = "<group>";
		};
		0A82F3C621F9DEB700EC114C /* NativeAdsSwift */ = {
			isa = PBXGroup;
			children = (
				0A82F3C721F9DEB800EC114C /* AppDelegate.swift */,
				0A82F3C921F9DEB800EC114C /* ViewController.swift */,
				0A82F3CB21F9DEB800EC114C /* Main.storyboard */,
				0A82F3CE21F9DEB800EC114C /* Assets.xcassets */,
				0A82F3D021F9DEB800EC114C /* LaunchScreen.storyboard */,
				0A82F3D321F9DEB800EC114C /* Info.plist */,
			);
			path = NativeAdsSwift;
			sourceTree = "<group>";
		};
		0A82F3D821F9E01100EC114C /* Common */ = {
			isa = PBXGroup;
			children = (
				0A82F3D921F9E01100EC114C /* Constants.h */,
				0A82F3DA21F9E01100EC114C /* Bridging-Header.h */,
			);
			name = Common;
			path = ../Common;
			sourceTree = "<group>";
		};
		2185862579CEFF0DA4399AAE /* Pods */ = {
			isa = PBXGroup;
			children = (
				1462A75F6E1D152C0EEE6E47 /* Pods-MoreApps.debug.xcconfig */,
				784F004B742408A377974883 /* Pods-MoreApps.release.xcconfig */,
				E707CE3818773D310F0642AE /* Pods-MoreAppsSwift.debug.xcconfig */,
				6F33CADB461604669F4B5A9B /* Pods-MoreAppsSwift.release.xcconfig */,
				2623B388A4B9F6A959D7D31B /* Pods-NativeAds.debug.xcconfig */,
				9ADED861A4F1236A00219828 /* Pods-NativeAds.release.xcconfig */,
				682E13A29BD9C263426357C2 /* Pods-NativeAdsSwift.debug.xcconfig */,
				E34C140F836D0F4FC6BB8723 /* Pods-NativeAdsSwift.release.xcconfig */,
			);
			name = Pods;
			sourceTree = "<group>";
		};
		40414ED67FC1C1D38D02CA04 /* Frameworks */ = {
			isa = PBXGroup;
			children = (
				7D1DE9D16DECF869BCD5D13C /* Pods_MoreApps.framework */,
				AE786C2BEA056C8D0C692DB9 /* Pods_MoreAppsSwift.framework */,
				519E25C58ED0672C6E0B24E1 /* Pods_NativeAds.framework */,
				EFA11DCCCA1A1CF02FE08A96 /* Pods_NativeAdsSwift.framework */,
			);
			name = Frameworks;
			sourceTree = "<group>";
		};
/* End PBXGroup section */

/* Begin PBXNativeTarget section */
		0A82F37A21F9DD7600EC114C /* MoreApps */ = {
			isa = PBXNativeTarget;
			buildConfigurationList = 0A82F39021F9DD7800EC114C /* Build configuration list for PBXNativeTarget "MoreApps" */;
			buildPhases = (
				D043BF15E14FE729368C92D9 /* [CP] Check Pods Manifest.lock */,
				0A82F37721F9DD7600EC114C /* Sources */,
				0A82F37821F9DD7600EC114C /* Frameworks */,
				0A82F37921F9DD7600EC114C /* Resources */,
			);
			buildRules = (
			);
			dependencies = (
			);
			name = MoreApps;
			productName = MoreApps;
			productReference = 0A82F37B21F9DD7600EC114C /* MoreApps.app */;
			productType = "com.apple.product-type.application";
		};
		0A82F39421F9DE4600EC114C /* MoreAppsSwift */ = {
			isa = PBXNativeTarget;
			buildConfigurationList = 0A82F3A421F9DE4700EC114C /* Build configuration list for PBXNativeTarget "MoreAppsSwift" */;
			buildPhases = (
				273ECE9C25562DAB91CF9028 /* [CP] Check Pods Manifest.lock */,
				0A82F39121F9DE4600EC114C /* Sources */,
				0A82F39221F9DE4600EC114C /* Frameworks */,
				0A82F39321F9DE4600EC114C /* Resources */,
			);
			buildRules = (
			);
			dependencies = (
			);
			name = MoreAppsSwift;
			productName = MoreAppsSwift;
			productReference = 0A82F39521F9DE4600EC114C /* MoreAppsSwift.app */;
			productType = "com.apple.product-type.application";
		};
		0A82F3AA21F9DEA800EC114C /* NativeAds */ = {
			isa = PBXNativeTarget;
			buildConfigurationList = 0A82F3BE21F9DEAA00EC114C /* Build configuration list for PBXNativeTarget "NativeAds" */;
			buildPhases = (
				804B3C1A44DA45B140E7C1F6 /* [CP] Check Pods Manifest.lock */,
				0A82F3A721F9DEA800EC114C /* Sources */,
				0A82F3A821F9DEA800EC114C /* Frameworks */,
				0A82F3A921F9DEA800EC114C /* Resources */,
			);
			buildRules = (
			);
			dependencies = (
			);
			name = NativeAds;
			productName = NativeAds;
			productReference = 0A82F3AB21F9DEA800EC114C /* NativeAds.app */;
			productType = "com.apple.product-type.application";
		};
		0A82F3C421F9DEB700EC114C /* NativeAdsSwift */ = {
			isa = PBXNativeTarget;
			buildConfigurationList = 0A82F3D421F9DEB800EC114C /* Build configuration list for PBXNativeTarget "NativeAdsSwift" */;
			buildPhases = (
				DE72104A1708821088616DEC /* [CP] Check Pods Manifest.lock */,
				0A82F3C121F9DEB700EC114C /* Sources */,
				0A82F3C221F9DEB700EC114C /* Frameworks */,
				0A82F3C321F9DEB700EC114C /* Resources */,
			);
			buildRules = (
			);
			dependencies = (
			);
			name = NativeAdsSwift;
			productName = NativeAdsSwift;
			productReference = 0A82F3C521F9DEB700EC114C /* NativeAdsSwift.app */;
			productType = "com.apple.product-type.application";
		};
/* End PBXNativeTarget section */

/* Begin PBXProject section */
		0A82F35621F9DD1F00EC114C /* Project object */ = {
			isa = PBXProject;
			attributes = {
				LastSwiftUpdateCheck = 1010;
				LastUpgradeCheck = 1010;
				ORGANIZATIONNAME = "Tapdaq Ltd";
				TargetAttributes = {
					0A82F37A21F9DD7600EC114C = {
						CreatedOnToolsVersion = 10.1;
					};
					0A82F39421F9DE4600EC114C = {
						CreatedOnToolsVersion = 10.1;
					};
					0A82F3AA21F9DEA800EC114C = {
						CreatedOnToolsVersion = 10.1;
					};
					0A82F3C421F9DEB700EC114C = {
						CreatedOnToolsVersion = 10.1;
					};
				};
			};
			buildConfigurationList = 0A82F35921F9DD1F00EC114C /* Build configuration list for PBXProject "TapdaqCrossPromoExamples" */;
			compatibilityVersion = "Xcode 9.3";
			developmentRegion = en;
			hasScannedForEncodings = 0;
			knownRegions = (
				en,
				Base,
			);
			mainGroup = 0A82F35521F9DD1F00EC114C;
			productRefGroup = 0A82F35F21F9DD1F00EC114C /* Products */;
			projectDirPath = "";
			projectRoot = "";
			targets = (
				0A82F37A21F9DD7600EC114C /* MoreApps */,
				0A82F39421F9DE4600EC114C /* MoreAppsSwift */,
				0A82F3AA21F9DEA800EC114C /* NativeAds */,
				0A82F3C421F9DEB700EC114C /* NativeAdsSwift */,
			);
		};
/* End PBXProject section */

/* Begin PBXResourcesBuildPhase section */
		0A82F37921F9DD7600EC114C /* Resources */ = {
			isa = PBXResourcesBuildPhase;
			buildActionMask = 2147483647;
			files = (
				0A82F38A21F9DD7800EC114C /* LaunchScreen.storyboard in Resources */,
				0A82F38721F9DD7800EC114C /* Assets.xcassets in Resources */,
				0A82F38521F9DD7700EC114C /* Main.storyboard in Resources */,
			);
			runOnlyForDeploymentPostprocessing = 0;
		};
		0A82F39321F9DE4600EC114C /* Resources */ = {
			isa = PBXResourcesBuildPhase;
			buildActionMask = 2147483647;
			files = (
				0A82F3A221F9DE4700EC114C /* LaunchScreen.storyboard in Resources */,
				0A82F39F21F9DE4700EC114C /* Assets.xcassets in Resources */,
				0A82F39D21F9DE4600EC114C /* Main.storyboard in Resources */,
			);
			runOnlyForDeploymentPostprocessing = 0;
		};
		0A82F3A921F9DEA800EC114C /* Resources */ = {
			isa = PBXResourcesBuildPhase;
			buildActionMask = 2147483647;
			files = (
				0A82F3BA21F9DEAA00EC114C /* LaunchScreen.storyboard in Resources */,
				0A82F3B721F9DEAA00EC114C /* Assets.xcassets in Resources */,
				0A82F3B521F9DEA800EC114C /* Main.storyboard in Resources */,
			);
			runOnlyForDeploymentPostprocessing = 0;
		};
		0A82F3C321F9DEB700EC114C /* Resources */ = {
			isa = PBXResourcesBuildPhase;
			buildActionMask = 2147483647;
			files = (
				0A82F3D221F9DEB800EC114C /* LaunchScreen.storyboard in Resources */,
				0A82F3CF21F9DEB800EC114C /* Assets.xcassets in Resources */,
				0A82F3CD21F9DEB800EC114C /* Main.storyboard in Resources */,
			);
			runOnlyForDeploymentPostprocessing = 0;
		};
/* End PBXResourcesBuildPhase section */

/* Begin PBXShellScriptBuildPhase section */
		273ECE9C25562DAB91CF9028 /* [CP] Check Pods Manifest.lock */ = {
			isa = PBXShellScriptBuildPhase;
			buildActionMask = 2147483647;
			files = (
			);
			inputPaths = (
				"${PODS_PODFILE_DIR_PATH}/Podfile.lock",
				"${PODS_ROOT}/Manifest.lock",
			);
			name = "[CP] Check Pods Manifest.lock";
			outputPaths = (
				"$(DERIVED_FILE_DIR)/Pods-MoreAppsSwift-checkManifestLockResult.txt",
			);
			runOnlyForDeploymentPostprocessing = 0;
			shellPath = /bin/sh;
			shellScript = "diff \"${PODS_PODFILE_DIR_PATH}/Podfile.lock\" \"${PODS_ROOT}/Manifest.lock\" > /dev/null\nif [ $? != 0 ] ; then\n    # print error to STDERR\n    echo \"error: The sandbox is not in sync with the Podfile.lock. Run 'pod install' or update your CocoaPods installation.\" >&2\n    exit 1\nfi\n# This output is used by Xcode 'outputs' to avoid re-running this script phase.\necho \"SUCCESS\" > \"${SCRIPT_OUTPUT_FILE_0}\"\n";
			showEnvVarsInLog = 0;
		};
		804B3C1A44DA45B140E7C1F6 /* [CP] Check Pods Manifest.lock */ = {
			isa = PBXShellScriptBuildPhase;
			buildActionMask = 2147483647;
			files = (
			);
			inputPaths = (
				"${PODS_PODFILE_DIR_PATH}/Podfile.lock",
				"${PODS_ROOT}/Manifest.lock",
			);
			name = "[CP] Check Pods Manifest.lock";
			outputPaths = (
				"$(DERIVED_FILE_DIR)/Pods-NativeAds-checkManifestLockResult.txt",
			);
			runOnlyForDeploymentPostprocessing = 0;
			shellPath = /bin/sh;
			shellScript = "diff \"${PODS_PODFILE_DIR_PATH}/Podfile.lock\" \"${PODS_ROOT}/Manifest.lock\" > /dev/null\nif [ $? != 0 ] ; then\n    # print error to STDERR\n    echo \"error: The sandbox is not in sync with the Podfile.lock. Run 'pod install' or update your CocoaPods installation.\" >&2\n    exit 1\nfi\n# This output is used by Xcode 'outputs' to avoid re-running this script phase.\necho \"SUCCESS\" > \"${SCRIPT_OUTPUT_FILE_0}\"\n";
			showEnvVarsInLog = 0;
		};
		D043BF15E14FE729368C92D9 /* [CP] Check Pods Manifest.lock */ = {
			isa = PBXShellScriptBuildPhase;
			buildActionMask = 2147483647;
			files = (
			);
			inputPaths = (
				"${PODS_PODFILE_DIR_PATH}/Podfile.lock",
				"${PODS_ROOT}/Manifest.lock",
			);
			name = "[CP] Check Pods Manifest.lock";
			outputPaths = (
				"$(DERIVED_FILE_DIR)/Pods-MoreApps-checkManifestLockResult.txt",
			);
			runOnlyForDeploymentPostprocessing = 0;
			shellPath = /bin/sh;
			shellScript = "diff \"${PODS_PODFILE_DIR_PATH}/Podfile.lock\" \"${PODS_ROOT}/Manifest.lock\" > /dev/null\nif [ $? != 0 ] ; then\n    # print error to STDERR\n    echo \"error: The sandbox is not in sync with the Podfile.lock. Run 'pod install' or update your CocoaPods installation.\" >&2\n    exit 1\nfi\n# This output is used by Xcode 'outputs' to avoid re-running this script phase.\necho \"SUCCESS\" > \"${SCRIPT_OUTPUT_FILE_0}\"\n";
			showEnvVarsInLog = 0;
		};
		DE72104A1708821088616DEC /* [CP] Check Pods Manifest.lock */ = {
			isa = PBXShellScriptBuildPhase;
			buildActionMask = 2147483647;
			files = (
			);
			inputPaths = (
				"${PODS_PODFILE_DIR_PATH}/Podfile.lock",
				"${PODS_ROOT}/Manifest.lock",
			);
			name = "[CP] Check Pods Manifest.lock";
			outputPaths = (
				"$(DERIVED_FILE_DIR)/Pods-NativeAdsSwift-checkManifestLockResult.txt",
			);
			runOnlyForDeploymentPostprocessing = 0;
			shellPath = /bin/sh;
			shellScript = "diff \"${PODS_PODFILE_DIR_PATH}/Podfile.lock\" \"${PODS_ROOT}/Manifest.lock\" > /dev/null\nif [ $? != 0 ] ; then\n    # print error to STDERR\n    echo \"error: The sandbox is not in sync with the Podfile.lock. Run 'pod install' or update your CocoaPods installation.\" >&2\n    exit 1\nfi\n# This output is used by Xcode 'outputs' to avoid re-running this script phase.\necho \"SUCCESS\" > \"${SCRIPT_OUTPUT_FILE_0}\"\n";
			showEnvVarsInLog = 0;
		};
/* End PBXShellScriptBuildPhase section */

/* Begin PBXSourcesBuildPhase section */
		0A82F37721F9DD7600EC114C /* Sources */ = {
			isa = PBXSourcesBuildPhase;
			buildActionMask = 2147483647;
			files = (
				0A82F38221F9DD7700EC114C /* ViewController.m in Sources */,
				0A82F38D21F9DD7800EC114C /* main.m in Sources */,
				0A82F37F21F9DD7700EC114C /* AppDelegate.m in Sources */,
			);
			runOnlyForDeploymentPostprocessing = 0;
		};
		0A82F39121F9DE4600EC114C /* Sources */ = {
			isa = PBXSourcesBuildPhase;
			buildActionMask = 2147483647;
			files = (
				0A82F39A21F9DE4600EC114C /* ViewController.swift in Sources */,
				0A82F39821F9DE4600EC114C /* AppDelegate.swift in Sources */,
			);
			runOnlyForDeploymentPostprocessing = 0;
		};
		0A82F3A721F9DEA800EC114C /* Sources */ = {
			isa = PBXSourcesBuildPhase;
			buildActionMask = 2147483647;
			files = (
				0A82F3B221F9DEA800EC114C /* ViewController.m in Sources */,
				0A82F3BD21F9DEAA00EC114C /* main.m in Sources */,
				0A82F3AF21F9DEA800EC114C /* AppDelegate.m in Sources */,
			);
			runOnlyForDeploymentPostprocessing = 0;
		};
		0A82F3C121F9DEB700EC114C /* Sources */ = {
			isa = PBXSourcesBuildPhase;
			buildActionMask = 2147483647;
			files = (
				0A82F3CA21F9DEB800EC114C /* ViewController.swift in Sources */,
				0A82F3C821F9DEB800EC114C /* AppDelegate.swift in Sources */,
			);
			runOnlyForDeploymentPostprocessing = 0;
		};
/* End PBXSourcesBuildPhase section */

/* Begin PBXVariantGroup section */
		0A82F38321F9DD7700EC114C /* Main.storyboard */ = {
			isa = PBXVariantGroup;
			children = (
				0A82F38421F9DD7700EC114C /* Base */,
			);
			name = Main.storyboard;
			sourceTree = "<group>";
		};
		0A82F38821F9DD7800EC114C /* LaunchScreen.storyboard */ = {
			isa = PBXVariantGroup;
			children = (
				0A82F38921F9DD7800EC114C /* Base */,
			);
			name = LaunchScreen.storyboard;
			sourceTree = "<group>";
		};
		0A82F39B21F9DE4600EC114C /* Main.storyboard */ = {
			isa = PBXVariantGroup;
			children = (
				0A82F39C21F9DE4600EC114C /* Base */,
			);
			name = Main.storyboard;
			sourceTree = "<group>";
		};
		0A82F3A021F9DE4700EC114C /* LaunchScreen.storyboard */ = {
			isa = PBXVariantGroup;
			children = (
				0A82F3A121F9DE4700EC114C /* Base */,
			);
			name = LaunchScreen.storyboard;
			sourceTree = "<group>";
		};
		0A82F3B321F9DEA800EC114C /* Main.storyboard */ = {
			isa = PBXVariantGroup;
			children = (
				0A82F3B421F9DEA800EC114C /* Base */,
			);
			name = Main.storyboard;
			sourceTree = "<group>";
		};
		0A82F3B821F9DEAA00EC114C /* LaunchScreen.storyboard */ = {
			isa = PBXVariantGroup;
			children = (
				0A82F3B921F9DEAA00EC114C /* Base */,
			);
			name = LaunchScreen.storyboard;
			sourceTree = "<group>";
		};
		0A82F3CB21F9DEB800EC114C /* Main.storyboard */ = {
			isa = PBXVariantGroup;
			children = (
				0A82F3CC21F9DEB800EC114C /* Base */,
			);
			name = Main.storyboard;
			sourceTree = "<group>";
		};
		0A82F3D021F9DEB800EC114C /* LaunchScreen.storyboard */ = {
			isa = PBXVariantGroup;
			children = (
				0A82F3D121F9DEB800EC114C /* Base */,
			);
			name = LaunchScreen.storyboard;
			sourceTree = "<group>";
		};
/* End PBXVariantGroup section */

/* Begin XCBuildConfiguration section */
		0A82F37221F9DD2000EC114C /* Debug */ = {
			isa = XCBuildConfiguration;
			buildSettings = {
				ALWAYS_SEARCH_USER_PATHS = NO;
				CLANG_ANALYZER_NONNULL = YES;
				CLANG_ANALYZER_NUMBER_OBJECT_CONVERSION = YES_AGGRESSIVE;
				CLANG_CXX_LANGUAGE_STANDARD = "gnu++14";
				CLANG_CXX_LIBRARY = "libc++";
				CLANG_ENABLE_MODULES = YES;
				CLANG_ENABLE_OBJC_ARC = YES;
				CLANG_ENABLE_OBJC_WEAK = YES;
				CLANG_WARN_BLOCK_CAPTURE_AUTORELEASING = YES;
				CLANG_WARN_BOOL_CONVERSION = YES;
				CLANG_WARN_COMMA = YES;
				CLANG_WARN_CONSTANT_CONVERSION = YES;
				CLANG_WARN_DEPRECATED_OBJC_IMPLEMENTATIONS = YES;
				CLANG_WARN_DIRECT_OBJC_ISA_USAGE = YES_ERROR;
				CLANG_WARN_DOCUMENTATION_COMMENTS = YES;
				CLANG_WARN_EMPTY_BODY = YES;
				CLANG_WARN_ENUM_CONVERSION = YES;
				CLANG_WARN_INFINITE_RECURSION = YES;
				CLANG_WARN_INT_CONVERSION = YES;
				CLANG_WARN_NON_LITERAL_NULL_CONVERSION = YES;
				CLANG_WARN_OBJC_IMPLICIT_RETAIN_SELF = YES;
				CLANG_WARN_OBJC_LITERAL_CONVERSION = YES;
				CLANG_WARN_OBJC_ROOT_CLASS = YES_ERROR;
				CLANG_WARN_RANGE_LOOP_ANALYSIS = YES;
				CLANG_WARN_STRICT_PROTOTYPES = YES;
				CLANG_WARN_SUSPICIOUS_MOVE = YES;
				CLANG_WARN_UNGUARDED_AVAILABILITY = YES_AGGRESSIVE;
				CLANG_WARN_UNREACHABLE_CODE = YES;
				CLANG_WARN__DUPLICATE_METHOD_MATCH = YES;
				CODE_SIGN_IDENTITY = "iPhone Developer";
				COPY_PHASE_STRIP = NO;
				DEBUG_INFORMATION_FORMAT = dwarf;
				ENABLE_STRICT_OBJC_MSGSEND = YES;
				ENABLE_TESTABILITY = YES;
				GCC_C_LANGUAGE_STANDARD = gnu11;
				GCC_DYNAMIC_NO_PIC = NO;
				GCC_NO_COMMON_BLOCKS = YES;
				GCC_OPTIMIZATION_LEVEL = 0;
				GCC_PREPROCESSOR_DEFINITIONS = (
					"DEBUG=1",
					"$(inherited)",
				);
				GCC_WARN_64_TO_32_BIT_CONVERSION = YES;
				GCC_WARN_ABOUT_RETURN_TYPE = YES_ERROR;
				GCC_WARN_UNDECLARED_SELECTOR = YES;
				GCC_WARN_UNINITIALIZED_AUTOS = YES_AGGRESSIVE;
				GCC_WARN_UNUSED_FUNCTION = YES;
				GCC_WARN_UNUSED_VARIABLE = YES;
				IPHONEOS_DEPLOYMENT_TARGET = 12.1;
				MTL_ENABLE_DEBUG_INFO = INCLUDE_SOURCE;
				MTL_FAST_MATH = YES;
				ONLY_ACTIVE_ARCH = YES;
				SDKROOT = iphoneos;
			};
			name = Debug;
		};
		0A82F37321F9DD2000EC114C /* Release */ = {
			isa = XCBuildConfiguration;
			buildSettings = {
				ALWAYS_SEARCH_USER_PATHS = NO;
				CLANG_ANALYZER_NONNULL = YES;
				CLANG_ANALYZER_NUMBER_OBJECT_CONVERSION = YES_AGGRESSIVE;
				CLANG_CXX_LANGUAGE_STANDARD = "gnu++14";
				CLANG_CXX_LIBRARY = "libc++";
				CLANG_ENABLE_MODULES = YES;
				CLANG_ENABLE_OBJC_ARC = YES;
				CLANG_ENABLE_OBJC_WEAK = YES;
				CLANG_WARN_BLOCK_CAPTURE_AUTORELEASING = YES;
				CLANG_WARN_BOOL_CONVERSION = YES;
				CLANG_WARN_COMMA = YES;
				CLANG_WARN_CONSTANT_CONVERSION = YES;
				CLANG_WARN_DEPRECATED_OBJC_IMPLEMENTATIONS = YES;
				CLANG_WARN_DIRECT_OBJC_ISA_USAGE = YES_ERROR;
				CLANG_WARN_DOCUMENTATION_COMMENTS = YES;
				CLANG_WARN_EMPTY_BODY = YES;
				CLANG_WARN_ENUM_CONVERSION = YES;
				CLANG_WARN_INFINITE_RECURSION = YES;
				CLANG_WARN_INT_CONVERSION = YES;
				CLANG_WARN_NON_LITERAL_NULL_CONVERSION = YES;
				CLANG_WARN_OBJC_IMPLICIT_RETAIN_SELF = YES;
				CLANG_WARN_OBJC_LITERAL_CONVERSION = YES;
				CLANG_WARN_OBJC_ROOT_CLASS = YES_ERROR;
				CLANG_WARN_RANGE_LOOP_ANALYSIS = YES;
				CLANG_WARN_STRICT_PROTOTYPES = YES;
				CLANG_WARN_SUSPICIOUS_MOVE = YES;
				CLANG_WARN_UNGUARDED_AVAILABILITY = YES_AGGRESSIVE;
				CLANG_WARN_UNREACHABLE_CODE = YES;
				CLANG_WARN__DUPLICATE_METHOD_MATCH = YES;
				CODE_SIGN_IDENTITY = "iPhone Developer";
				COPY_PHASE_STRIP = NO;
				DEBUG_INFORMATION_FORMAT = "dwarf-with-dsym";
				ENABLE_NS_ASSERTIONS = NO;
				ENABLE_STRICT_OBJC_MSGSEND = YES;
				GCC_C_LANGUAGE_STANDARD = gnu11;
				GCC_NO_COMMON_BLOCKS = YES;
				GCC_WARN_64_TO_32_BIT_CONVERSION = YES;
				GCC_WARN_ABOUT_RETURN_TYPE = YES_ERROR;
				GCC_WARN_UNDECLARED_SELECTOR = YES;
				GCC_WARN_UNINITIALIZED_AUTOS = YES_AGGRESSIVE;
				GCC_WARN_UNUSED_FUNCTION = YES;
				GCC_WARN_UNUSED_VARIABLE = YES;
				IPHONEOS_DEPLOYMENT_TARGET = 12.1;
				MTL_ENABLE_DEBUG_INFO = NO;
				MTL_FAST_MATH = YES;
				SDKROOT = iphoneos;
				VALIDATE_PRODUCT = YES;
			};
			name = Release;
		};
		0A82F38E21F9DD7800EC114C /* Debug */ = {
			isa = XCBuildConfiguration;
			baseConfigurationReference = 1462A75F6E1D152C0EEE6E47 /* Pods-MoreApps.debug.xcconfig */;
			buildSettings = {
				ASSETCATALOG_COMPILER_APPICON_NAME = AppIcon;
				CODE_SIGN_STYLE = Automatic;
				DEVELOPMENT_TEAM = 4FQ89994S6;
				INFOPLIST_FILE = MoreApps/Info.plist;
				IPHONEOS_DEPLOYMENT_TARGET = 8.0;
				LD_RUNPATH_SEARCH_PATHS = (
					"$(inherited)",
					"@executable_path/Frameworks",
				);
				PRODUCT_BUNDLE_IDENTIFIER = com.tapdaq.MoreApps;
				PRODUCT_NAME = "$(TARGET_NAME)";
				TARGETED_DEVICE_FAMILY = "1,2";
			};
			name = Debug;
		};
		0A82F38F21F9DD7800EC114C /* Release */ = {
			isa = XCBuildConfiguration;
			baseConfigurationReference = 784F004B742408A377974883 /* Pods-MoreApps.release.xcconfig */;
			buildSettings = {
				ASSETCATALOG_COMPILER_APPICON_NAME = AppIcon;
				CODE_SIGN_STYLE = Automatic;
				DEVELOPMENT_TEAM = 4FQ89994S6;
				INFOPLIST_FILE = MoreApps/Info.plist;
				IPHONEOS_DEPLOYMENT_TARGET = 8.0;
				LD_RUNPATH_SEARCH_PATHS = (
					"$(inherited)",
					"@executable_path/Frameworks",
				);
				PRODUCT_BUNDLE_IDENTIFIER = com.tapdaq.MoreApps;
				PRODUCT_NAME = "$(TARGET_NAME)";
				TARGETED_DEVICE_FAMILY = "1,2";
			};
			name = Release;
		};
		0A82F3A521F9DE4700EC114C /* Debug */ = {
			isa = XCBuildConfiguration;
			baseConfigurationReference = E707CE3818773D310F0642AE /* Pods-MoreAppsSwift.debug.xcconfig */;
			buildSettings = {
				ASSETCATALOG_COMPILER_APPICON_NAME = AppIcon;
				CODE_SIGN_STYLE = Automatic;
				DEVELOPMENT_TEAM = 4FQ89994S6;
				INFOPLIST_FILE = MoreAppsSwift/Info.plist;
				IPHONEOS_DEPLOYMENT_TARGET = 8.0;
				LD_RUNPATH_SEARCH_PATHS = (
					"$(inherited)",
					"@executable_path/Frameworks",
				);
				PRODUCT_BUNDLE_IDENTIFIER = com.tapdaq.MoreAppsSwift;
				PRODUCT_NAME = "$(TARGET_NAME)";
				SWIFT_ACTIVE_COMPILATION_CONDITIONS = DEBUG;
				SWIFT_OBJC_BRIDGING_HEADER = "$(SRCROOT)/../Common/Bridging-Header.h";
				SWIFT_OPTIMIZATION_LEVEL = "-Onone";
				SWIFT_VERSION = 4.2;
				TARGETED_DEVICE_FAMILY = "1,2";
			};
			name = Debug;
		};
		0A82F3A621F9DE4700EC114C /* Release */ = {
			isa = XCBuildConfiguration;
			baseConfigurationReference = 6F33CADB461604669F4B5A9B /* Pods-MoreAppsSwift.release.xcconfig */;
			buildSettings = {
				ASSETCATALOG_COMPILER_APPICON_NAME = AppIcon;
				CODE_SIGN_STYLE = Automatic;
				DEVELOPMENT_TEAM = 4FQ89994S6;
				INFOPLIST_FILE = MoreAppsSwift/Info.plist;
				IPHONEOS_DEPLOYMENT_TARGET = 8.0;
				LD_RUNPATH_SEARCH_PATHS = (
					"$(inherited)",
					"@executable_path/Frameworks",
				);
				PRODUCT_BUNDLE_IDENTIFIER = com.tapdaq.MoreAppsSwift;
				PRODUCT_NAME = "$(TARGET_NAME)";
				SWIFT_COMPILATION_MODE = wholemodule;
				SWIFT_OBJC_BRIDGING_HEADER = "$(SRCROOT)/../Common/Bridging-Header.h";
				SWIFT_OPTIMIZATION_LEVEL = "-O";
				SWIFT_VERSION = 4.2;
				TARGETED_DEVICE_FAMILY = "1,2";
			};
			name = Release;
		};
		0A82F3BF21F9DEAA00EC114C /* Debug */ = {
			isa = XCBuildConfiguration;
			baseConfigurationReference = 2623B388A4B9F6A959D7D31B /* Pods-NativeAds.debug.xcconfig */;
			buildSettings = {
				ASSETCATALOG_COMPILER_APPICON_NAME = AppIcon;
				CODE_SIGN_STYLE = Automatic;
				DEVELOPMENT_TEAM = 4FQ89994S6;
				INFOPLIST_FILE = NativeAds/Info.plist;
				IPHONEOS_DEPLOYMENT_TARGET = 8.0;
				LD_RUNPATH_SEARCH_PATHS = (
					"$(inherited)",
					"@executable_path/Frameworks",
				);
				PRODUCT_BUNDLE_IDENTIFIER = com.tapdaq.NativeAds;
				PRODUCT_NAME = "$(TARGET_NAME)";
				TARGETED_DEVICE_FAMILY = "1,2";
			};
			name = Debug;
		};
		0A82F3C021F9DEAA00EC114C /* Release */ = {
			isa = XCBuildConfiguration;
			baseConfigurationReference = 9ADED861A4F1236A00219828 /* Pods-NativeAds.release.xcconfig */;
			buildSettings = {
				ASSETCATALOG_COMPILER_APPICON_NAME = AppIcon;
				CODE_SIGN_STYLE = Automatic;
				DEVELOPMENT_TEAM = 4FQ89994S6;
				INFOPLIST_FILE = NativeAds/Info.plist;
				IPHONEOS_DEPLOYMENT_TARGET = 8.0;
				LD_RUNPATH_SEARCH_PATHS = (
					"$(inherited)",
					"@executable_path/Frameworks",
				);
				PRODUCT_BUNDLE_IDENTIFIER = com.tapdaq.NativeAds;
				PRODUCT_NAME = "$(TARGET_NAME)";
				TARGETED_DEVICE_FAMILY = "1,2";
			};
			name = Release;
		};
		0A82F3D521F9DEB800EC114C /* Debug */ = {
			isa = XCBuildConfiguration;
			baseConfigurationReference = 682E13A29BD9C263426357C2 /* Pods-NativeAdsSwift.debug.xcconfig */;
			buildSettings = {
				ASSETCATALOG_COMPILER_APPICON_NAME = AppIcon;
				CODE_SIGN_STYLE = Automatic;
				DEVELOPMENT_TEAM = 4FQ89994S6;
				INFOPLIST_FILE = NativeAdsSwift/Info.plist;
				IPHONEOS_DEPLOYMENT_TARGET = 8.0;
				LD_RUNPATH_SEARCH_PATHS = (
					"$(inherited)",
					"@executable_path/Frameworks",
				);
				PRODUCT_BUNDLE_IDENTIFIER = com.tapdaq.NativeAdsSwift;
				PRODUCT_NAME = "$(TARGET_NAME)";
				SWIFT_ACTIVE_COMPILATION_CONDITIONS = DEBUG;
				SWIFT_OBJC_BRIDGING_HEADER = "$(SRCROOT)/../Common/Bridging-Header.h";
				SWIFT_OPTIMIZATION_LEVEL = "-Onone";
				SWIFT_VERSION = 4.2;
				TARGETED_DEVICE_FAMILY = "1,2";
			};
			name = Debug;
		};
		0A82F3D621F9DEB800EC114C /* Release */ = {
			isa = XCBuildConfiguration;
			baseConfigurationReference = E34C140F836D0F4FC6BB8723 /* Pods-NativeAdsSwift.release.xcconfig */;
			buildSettings = {
				ASSETCATALOG_COMPILER_APPICON_NAME = AppIcon;
				CODE_SIGN_STYLE = Automatic;
				DEVELOPMENT_TEAM = 4FQ89994S6;
				INFOPLIST_FILE = NativeAdsSwift/Info.plist;
				IPHONEOS_DEPLOYMENT_TARGET = 8.0;
				LD_RUNPATH_SEARCH_PATHS = (
					"$(inherited)",
					"@executable_path/Frameworks",
				);
				PRODUCT_BUNDLE_IDENTIFIER = com.tapdaq.NativeAdsSwift;
				PRODUCT_NAME = "$(TARGET_NAME)";
				SWIFT_COMPILATION_MODE = wholemodule;
				SWIFT_OBJC_BRIDGING_HEADER = "$(SRCROOT)/../Common/Bridging-Header.h";
				SWIFT_OPTIMIZATION_LEVEL = "-O";
				SWIFT_VERSION = 4.2;
				TARGETED_DEVICE_FAMILY = "1,2";
			};
			name = Release;
		};
/* End XCBuildConfiguration section */

/* Begin XCConfigurationList section */
		0A82F35921F9DD1F00EC114C /* Build configuration list for PBXProject "TapdaqCrossPromoExamples" */ = {
			isa = XCConfigurationList;
			buildConfigurations = (
				0A82F37221F9DD2000EC114C /* Debug */,
				0A82F37321F9DD2000EC114C /* Release */,
			);
			defaultConfigurationIsVisible = 0;
			defaultConfigurationName = Release;
		};
		0A82F39021F9DD7800EC114C /* Build configuration list for PBXNativeTarget "MoreApps" */ = {
			isa = XCConfigurationList;
			buildConfigurations = (
				0A82F38E21F9DD7800EC114C /* Debug */,
				0A82F38F21F9DD7800EC114C /* Release */,
			);
			defaultConfigurationIsVisible = 0;
			defaultConfigurationName = Release;
		};
		0A82F3A421F9DE4700EC114C /* Build configuration list for PBXNativeTarget "MoreAppsSwift" */ = {
			isa = XCConfigurationList;
			buildConfigurations = (
				0A82F3A521F9DE4700EC114C /* Debug */,
				0A82F3A621F9DE4700EC114C /* Release */,
			);
			defaultConfigurationIsVisible = 0;
			defaultConfigurationName = Release;
		};
		0A82F3BE21F9DEAA00EC114C /* Build configuration list for PBXNativeTarget "NativeAds" */ = {
			isa = XCConfigurationList;
			buildConfigurations = (
				0A82F3BF21F9DEAA00EC114C /* Debug */,
				0A82F3C021F9DEAA00EC114C /* Release */,
			);
			defaultConfigurationIsVisible = 0;
			defaultConfigurationName = Release;
		};
		0A82F3D421F9DEB800EC114C /* Build configuration list for PBXNativeTarget "NativeAdsSwift" */ = {
			isa = XCConfigurationList;
			buildConfigurations = (
				0A82F3D521F9DEB800EC114C /* Debug */,
				0A82F3D621F9DEB800EC114C /* Release */,
			);
			defaultConfigurationIsVisible = 0;
			defaultConfigurationName = Release;
		};
/* End XCConfigurationList section */
	};
	rootObject = 0A82F35621F9DD1F00EC114C /* Project object */;
}
